
Microsoft Visual Studio Solution File, Format Version 12.00
Project("{2150E333-8FDC-42A3-9474-1A3956D46DE8}") = "src", "src", "{FCF40E83-770D-4B38-9F94-816C241E0434}"
EndProject
Project("{2150E333-8FDC-42A3-9474-1A3956D46DE8}") = "tests", "tests", "{F20BE446-D432-4A32-B487-540105C85557}"
EndProject
Project("{2150E333-8FDC-42A3-9474-1A3956D46DE8}") = "App", "App", "{E9113DF5-AC6A-42C2-8D1C-3C45C222EF07}"
EndProject
Project("{2150E333-8FDC-42A3-9474-1A3956D46DE8}") = "Domain", "Domain", "{95CDF6BD-28AC-492E-B317-D4DA803FD867}"
EndProject
Project("{2150E333-8FDC-42A3-9474-1A3956D46DE8}") = "Infrastructure", "Infrastructure", "{3084C156-6AF8-4058-B3D4-0BAC80541B6D}"
EndProject
Project("{2150E333-8FDC-42A3-9474-1A3956D46DE8}") = "Presentation", "Presentation", "{874CC1F7-32C7-41DE-8269-C645599F8415}"
EndProject
Project("{2150E333-8FDC-42A3-9474-1A3956D46DE8}") = "Infrastructure", "Infrastructure", "{5C4D93A0-0B69-47B8-ABA1-DA4CE7A1CB0D}"
EndProject
Project("{2150E333-8FDC-42A3-9474-1A3956D46DE8}") = "Validation", "Validation", "{6697C319-D356-4B0E-9A3E-2947BDA3D054}"
EndProject
Project("{2150E333-8FDC-42A3-9474-1A3956D46DE8}") = "Persistence", "Persistence", "{4D1DEAAD-878E-4A49-A89A-BF9119A3FE55}"
EndProject
Project("{FAE04EC0-301F-11D3-BF4B-00C04F79EFBC}") = "Application.Pagination", "src\Application.Pagination\Application.Pagination.csproj", "{9432B20F-0E41-4E05-A95E-E6A99B17C01C}"
EndProject
Project("{FAE04EC0-301F-11D3-BF4B-00C04F79EFBC}") = "Application.Persistence", "src\Application.Persistence\Application.Persistence.csproj", "{2F86B530-5F33-4DDF-9772-D4302F04FE15}"
EndProject
Project("{FAE04EC0-301F-11D3-BF4B-00C04F79EFBC}") = "Application.Validation", "src\Application.Validation\Application.Validation.csproj", "{0D44E868-5391-484A-9E6E-FB1ED681CDDC}"
EndProject
Project("{FAE04EC0-301F-11D3-BF4B-00C04F79EFBC}") = "Application.Validation.Tools", "src\Application.Validation.Tools\Application.Validation.Tools.csproj", "{76BC80F4-D64A-4330-84CE-A6592F7AC0A9}"
EndProject
Project("{FAE04EC0-301F-11D3-BF4B-00C04F79EFBC}") = "Application", "src\Application\Application.csproj", "{12706FA0-04C5-4B5E-9E98-310F0B0393D1}"
EndProject
Project("{FAE04EC0-301F-11D3-BF4B-00C04F79EFBC}") = "Domain.Logging", "src\Domain.Logging\Domain.Logging.csproj", "{1E4E9BAE-691B-40A2-AEEE-59EA233E01C3}"
EndProject
Project("{FAE04EC0-301F-11D3-BF4B-00C04F79EFBC}") = "Domain.Primary", "src\Domain.Primary\Domain.Primary.csproj", "{1C8F1090-DADB-42C0-8175-3BDFFC0CAB7A}"
EndProject
Project("{FAE04EC0-301F-11D3-BF4B-00C04F79EFBC}") = "Persistence.Logging", "src\Persistence.Logging\Persistence.Logging.csproj", "{1257C561-D3E9-4A96-9D7C-D5A24AFC320D}"
EndProject
Project("{FAE04EC0-301F-11D3-BF4B-00C04F79EFBC}") = "Persistence.Primary", "src\Persistence.Primary\Persistence.Primary.csproj", "{99DD8287-7676-4951-8BFC-3CB4CF82B899}"
EndProject
Project("{FAE04EC0-301F-11D3-BF4B-00C04F79EFBC}") = "Presentation.API", "src\Presentation.API\Presentation.API.csproj", "{FD1E284D-7F9C-4E6A-8A52-72AE73FE3EF2}"
EndProject
Project("{FAE04EC0-301F-11D3-BF4B-00C04F79EFBC}") = "Presentation.Common", "src\Presentation.Common\Presentation.Common.csproj", "{4C77E655-1ED0-4C0B-BB8F-169619A9E135}"
EndProject
Project("{2150E333-8FDC-42A3-9474-1A3956D46DE8}") = "Pagination", "Pagination", "{3542768A-25D3-44E7-8095-F5BF52AD0D4E}"
EndProject
Project("{2150E333-8FDC-42A3-9474-1A3956D46DE8}") = "Queues", "Queues", "{DACED17C-1919-4399-951B-8F20A80D6027}"
EndProject
Project("{FAE04EC0-301F-11D3-BF4B-00C04F79EFBC}") = "Application.Queues", "src\Application.Queues\Application.Queues.csproj", "{52EFF29E-D1DB-404D-98CA-F10857338511}"
EndProject
Project("{2150E333-8FDC-42A3-9474-1A3956D46DE8}") = "EFCore", "EFCore", "{81F864EB-610D-4465-AF1E-253A42E4F235}"
EndProject
Project("{FAE04EC0-301F-11D3-BF4B-00C04F79EFBC}") = "Application.EFCore", "src\Application.EFCore\Application.EFCore.csproj", "{40D48933-0647-4D4F-BF58-4889E02ACB24}"
EndProject
Global
	GlobalSection(SolutionConfigurationPlatforms) = preSolution
		Debug|Any CPU = Debug|Any CPU
		Release|Any CPU = Release|Any CPU
	EndGlobalSection
	GlobalSection(ProjectConfigurationPlatforms) = postSolution
		{9432B20F-0E41-4E05-A95E-E6A99B17C01C}.Debug|Any CPU.ActiveCfg = Debug|Any CPU
		{9432B20F-0E41-4E05-A95E-E6A99B17C01C}.Debug|Any CPU.Build.0 = Debug|Any CPU
		{9432B20F-0E41-4E05-A95E-E6A99B17C01C}.Release|Any CPU.ActiveCfg = Release|Any CPU
		{9432B20F-0E41-4E05-A95E-E6A99B17C01C}.Release|Any CPU.Build.0 = Release|Any CPU
		{2F86B530-5F33-4DDF-9772-D4302F04FE15}.Debug|Any CPU.ActiveCfg = Debug|Any CPU
		{2F86B530-5F33-4DDF-9772-D4302F04FE15}.Debug|Any CPU.Build.0 = Debug|Any CPU
		{2F86B530-5F33-4DDF-9772-D4302F04FE15}.Release|Any CPU.ActiveCfg = Release|Any CPU
		{2F86B530-5F33-4DDF-9772-D4302F04FE15}.Release|Any CPU.Build.0 = Release|Any CPU
		{0D44E868-5391-484A-9E6E-FB1ED681CDDC}.Debug|Any CPU.ActiveCfg = Debug|Any CPU
		{0D44E868-5391-484A-9E6E-FB1ED681CDDC}.Debug|Any CPU.Build.0 = Debug|Any CPU
		{0D44E868-5391-484A-9E6E-FB1ED681CDDC}.Release|Any CPU.ActiveCfg = Release|Any CPU
		{0D44E868-5391-484A-9E6E-FB1ED681CDDC}.Release|Any CPU.Build.0 = Release|Any CPU
		{76BC80F4-D64A-4330-84CE-A6592F7AC0A9}.Debug|Any CPU.ActiveCfg = Debug|Any CPU
		{76BC80F4-D64A-4330-84CE-A6592F7AC0A9}.Debug|Any CPU.Build.0 = Debug|Any CPU
		{76BC80F4-D64A-4330-84CE-A6592F7AC0A9}.Release|Any CPU.ActiveCfg = Release|Any CPU
		{76BC80F4-D64A-4330-84CE-A6592F7AC0A9}.Release|Any CPU.Build.0 = Release|Any CPU
		{12706FA0-04C5-4B5E-9E98-310F0B0393D1}.Debug|Any CPU.ActiveCfg = Debug|Any CPU
		{12706FA0-04C5-4B5E-9E98-310F0B0393D1}.Debug|Any CPU.Build.0 = Debug|Any CPU
		{12706FA0-04C5-4B5E-9E98-310F0B0393D1}.Release|Any CPU.ActiveCfg = Release|Any CPU
		{12706FA0-04C5-4B5E-9E98-310F0B0393D1}.Release|Any CPU.Build.0 = Release|Any CPU
		{1E4E9BAE-691B-40A2-AEEE-59EA233E01C3}.Debug|Any CPU.ActiveCfg = Debug|Any CPU
		{1E4E9BAE-691B-40A2-AEEE-59EA233E01C3}.Debug|Any CPU.Build.0 = Debug|Any CPU
		{1E4E9BAE-691B-40A2-AEEE-59EA233E01C3}.Release|Any CPU.ActiveCfg = Release|Any CPU
		{1E4E9BAE-691B-40A2-AEEE-59EA233E01C3}.Release|Any CPU.Build.0 = Release|Any CPU
		{1C8F1090-DADB-42C0-8175-3BDFFC0CAB7A}.Debug|Any CPU.ActiveCfg = Debug|Any CPU
		{1C8F1090-DADB-42C0-8175-3BDFFC0CAB7A}.Debug|Any CPU.Build.0 = Debug|Any CPU
		{1C8F1090-DADB-42C0-8175-3BDFFC0CAB7A}.Release|Any CPU.ActiveCfg = Release|Any CPU
		{1C8F1090-DADB-42C0-8175-3BDFFC0CAB7A}.Release|Any CPU.Build.0 = Release|Any CPU
		{1257C561-D3E9-4A96-9D7C-D5A24AFC320D}.Debug|Any CPU.ActiveCfg = Debug|Any CPU
		{1257C561-D3E9-4A96-9D7C-D5A24AFC320D}.Debug|Any CPU.Build.0 = Debug|Any CPU
		{1257C561-D3E9-4A96-9D7C-D5A24AFC320D}.Release|Any CPU.ActiveCfg = Release|Any CPU
		{1257C561-D3E9-4A96-9D7C-D5A24AFC320D}.Release|Any CPU.Build.0 = Release|Any CPU
		{99DD8287-7676-4951-8BFC-3CB4CF82B899}.Debug|Any CPU.ActiveCfg = Debug|Any CPU
		{99DD8287-7676-4951-8BFC-3CB4CF82B899}.Debug|Any CPU.Build.0 = Debug|Any CPU
		{99DD8287-7676-4951-8BFC-3CB4CF82B899}.Release|Any CPU.ActiveCfg = Release|Any CPU
		{99DD8287-7676-4951-8BFC-3CB4CF82B899}.Release|Any CPU.Build.0 = Release|Any CPU
		{FD1E284D-7F9C-4E6A-8A52-72AE73FE3EF2}.Debug|Any CPU.ActiveCfg = Debug|Any CPU
		{FD1E284D-7F9C-4E6A-8A52-72AE73FE3EF2}.Debug|Any CPU.Build.0 = Debug|Any CPU
		{FD1E284D-7F9C-4E6A-8A52-72AE73FE3EF2}.Release|Any CPU.ActiveCfg = Release|Any CPU
		{FD1E284D-7F9C-4E6A-8A52-72AE73FE3EF2}.Release|Any CPU.Build.0 = Release|Any CPU
		{4C77E655-1ED0-4C0B-BB8F-169619A9E135}.Debug|Any CPU.ActiveCfg = Debug|Any CPU
		{4C77E655-1ED0-4C0B-BB8F-169619A9E135}.Debug|Any CPU.Build.0 = Debug|Any CPU
		{4C77E655-1ED0-4C0B-BB8F-169619A9E135}.Release|Any CPU.ActiveCfg = Release|Any CPU
		{4C77E655-1ED0-4C0B-BB8F-169619A9E135}.Release|Any CPU.Build.0 = Release|Any CPU
		{52EFF29E-D1DB-404D-98CA-F10857338511}.Debug|Any CPU.ActiveCfg = Debug|Any CPU
		{52EFF29E-D1DB-404D-98CA-F10857338511}.Debug|Any CPU.Build.0 = Debug|Any CPU
		{52EFF29E-D1DB-404D-98CA-F10857338511}.Release|Any CPU.ActiveCfg = Release|Any CPU
		{52EFF29E-D1DB-404D-98CA-F10857338511}.Release|Any CPU.Build.0 = Release|Any CPU
		{40D48933-0647-4D4F-BF58-4889E02ACB24}.Debug|Any CPU.ActiveCfg = Debug|Any CPU
		{40D48933-0647-4D4F-BF58-4889E02ACB24}.Debug|Any CPU.Build.0 = Debug|Any CPU
		{40D48933-0647-4D4F-BF58-4889E02ACB24}.Release|Any CPU.ActiveCfg = Release|Any CPU
		{40D48933-0647-4D4F-BF58-4889E02ACB24}.Release|Any CPU.Build.0 = Release|Any CPU
	EndGlobalSection
	GlobalSection(NestedProjects) = preSolution
		{E9113DF5-AC6A-42C2-8D1C-3C45C222EF07} = {FCF40E83-770D-4B38-9F94-816C241E0434}
		{95CDF6BD-28AC-492E-B317-D4DA803FD867} = {FCF40E83-770D-4B38-9F94-816C241E0434}
		{3084C156-6AF8-4058-B3D4-0BAC80541B6D} = {FCF40E83-770D-4B38-9F94-816C241E0434}
		{874CC1F7-32C7-41DE-8269-C645599F8415} = {FCF40E83-770D-4B38-9F94-816C241E0434}
		{5C4D93A0-0B69-47B8-ABA1-DA4CE7A1CB0D} = {E9113DF5-AC6A-42C2-8D1C-3C45C222EF07}
		{4D1DEAAD-878E-4A49-A89A-BF9119A3FE55} = {3084C156-6AF8-4058-B3D4-0BAC80541B6D}
		{2F86B530-5F33-4DDF-9772-D4302F04FE15} = {5C4D93A0-0B69-47B8-ABA1-DA4CE7A1CB0D}
		{0D44E868-5391-484A-9E6E-FB1ED681CDDC} = {6697C319-D356-4B0E-9A3E-2947BDA3D054}
		{76BC80F4-D64A-4330-84CE-A6592F7AC0A9} = {6697C319-D356-4B0E-9A3E-2947BDA3D054}
		{12706FA0-04C5-4B5E-9E98-310F0B0393D1} = {E9113DF5-AC6A-42C2-8D1C-3C45C222EF07}
		{1E4E9BAE-691B-40A2-AEEE-59EA233E01C3} = {95CDF6BD-28AC-492E-B317-D4DA803FD867}
		{1C8F1090-DADB-42C0-8175-3BDFFC0CAB7A} = {95CDF6BD-28AC-492E-B317-D4DA803FD867}
		{1257C561-D3E9-4A96-9D7C-D5A24AFC320D} = {4D1DEAAD-878E-4A49-A89A-BF9119A3FE55}
		{99DD8287-7676-4951-8BFC-3CB4CF82B899} = {4D1DEAAD-878E-4A49-A89A-BF9119A3FE55}
		{FD1E284D-7F9C-4E6A-8A52-72AE73FE3EF2} = {874CC1F7-32C7-41DE-8269-C645599F8415}
		{4C77E655-1ED0-4C0B-BB8F-169619A9E135} = {874CC1F7-32C7-41DE-8269-C645599F8415}
		{9432B20F-0E41-4E05-A95E-E6A99B17C01C} = {3542768A-25D3-44E7-8095-F5BF52AD0D4E}
		{3542768A-25D3-44E7-8095-F5BF52AD0D4E} = {E9113DF5-AC6A-42C2-8D1C-3C45C222EF07}
		{6697C319-D356-4B0E-9A3E-2947BDA3D054} = {E9113DF5-AC6A-42C2-8D1C-3C45C222EF07}
		{DACED17C-1919-4399-951B-8F20A80D6027} = {E9113DF5-AC6A-42C2-8D1C-3C45C222EF07}
		{52EFF29E-D1DB-404D-98CA-F10857338511} = {DACED17C-1919-4399-951B-8F20A80D6027}
		{81F864EB-610D-4465-AF1E-253A42E4F235} = {E9113DF5-AC6A-42C2-8D1C-3C45C222EF07}
		{40D48933-0647-4D4F-BF58-4889E02ACB24} = {81F864EB-610D-4465-AF1E-253A42E4F235}
	EndGlobalSection
EndGlobal
